<?xml version="1.0" encoding="utf-8"?>
<Project ToolsVersion="4.0" xmlns="http://schemas.microsoft.com/developer/msbuild/2003">
  <ItemGroup>
    <ClInclude Include="..\..\Include\Fly.h" />
    <ClInclude Include="SceneManager.h" />
    <ClInclude Include="CameraManager.h" />
    <ClInclude Include="MathHelper.h" />
    <ClInclude Include="Character.h" />
    <ClInclude Include="FXManager.h" />
    <ClInclude Include="FSMState.h" />
    <ClInclude Include="FSMSystem.h" />
  </ItemGroup>
  <ItemGroup>
    <ClCompile Include="SceneManager.cpp" />
    <ClCompile Include="CameraManager.cpp" />
    <ClCompile Include="MainProgram.cpp" />
    <ClCompile Include="Character.cpp" />
    <ClCompile Include="FXManager.cpp" />
    <ClCompile Include="FSMState.cpp" />
  </ItemGroup>
</Project>